PODS:
  - GoogleMaps/Base (3.8.0)
  - GooglePlaces (3.8.0):
    - GoogleMaps/Base (= 3.8.0)
  - Kingfisher (5.13.2):
    - Kingfisher/Core (= 5.13.2)
  - Kingfisher/Core (5.13.2)

DEPENDENCIES:
  - GooglePlaces
  - Kingfisher

SPEC REPOS:
  https://github.com/cocoapods/specs.git:
    - GoogleMaps
    - GooglePlaces
    - Kingfisher

SPEC CHECKSUMS:
  GoogleMaps: 7c8d66d70e4e8c300f43a7219d8fdaad7b325a9a
  GooglePlaces: d5f70c3e9e427964fdeca1301a665d276ccd8754
  Kingfisher: d342c8354c10c3d85a27d6d4c42c41285924b898

PODFILE CHECKSUM: dc7aa9975d7f35ea7b9f4bea6d2fb00fb8bcc63c

COCOAPODS: 1.7.5
